// !$*UTF8*$!
{
	archiveVersion = 1;
	classes = {
	};
	objectVersion = 55;
	objects = {

/* Begin PBXBuildFile section */
		9D75143C29E5E3BA00A93406 /* CollectionViewAddingCell.swift in Sources */ = {isa = PBXBuildFile; fileRef = 9D75143B29E5E3BA00A93406 /* CollectionViewAddingCell.swift */; };
		9D75143E29E5E40700A93406 /* CollectionViewAddingCell.xib in Resources */ = {isa = PBXBuildFile; fileRef = 9D75143D29E5E40700A93406 /* CollectionViewAddingCell.xib */; };
		9D75CD3529C0EE8A00186E75 /* UITextFieldExtension.swift in Sources */ = {isa = PBXBuildFile; fileRef = 9D75CD3429C0EE8A00186E75 /* UITextFieldExtension.swift */; };
		9D75CD3729C0F45300186E75 /* UIButtonExtension.swift in Sources */ = {isa = PBXBuildFile; fileRef = 9D75CD3629C0F45300186E75 /* UIButtonExtension.swift */; };
		9D7F278A29AE51C000075C8B /* RegisterVC.xib in Resources */ = {isa = PBXBuildFile; fileRef = 9D7F278929AE51C000075C8B /* RegisterVC.xib */; };
		9D7F27E029B2478200075C8B /* ForgotPassswordVC.swift in Sources */ = {isa = PBXBuildFile; fileRef = 9D7F27DF29B2478200075C8B /* ForgotPassswordVC.swift */; };
		9D7F27E229B2479900075C8B /* ForgotPasswordVM.swift in Sources */ = {isa = PBXBuildFile; fileRef = 9D7F27E129B2479900075C8B /* ForgotPasswordVM.swift */; };
		9D7F27E629B247D400075C8B /* AuthService+ForgotPassword.swift in Sources */ = {isa = PBXBuildFile; fileRef = 9D7F27E529B247D400075C8B /* AuthService+ForgotPassword.swift */; };
		9D7F27E829B2480000075C8B /* ForgotPasswordAuthServiceProtocol.swift in Sources */ = {isa = PBXBuildFile; fileRef = 9D7F27E729B2480000075C8B /* ForgotPasswordAuthServiceProtocol.swift */; };
		9D7F27EA29B2487400075C8B /* ForgotPasswordViewModelProtocol.swift in Sources */ = {isa = PBXBuildFile; fileRef = 9D7F27E929B2487400075C8B /* ForgotPasswordViewModelProtocol.swift */; };
		9D7F27EC29B25D7B00075C8B /* ForgotPasswordCoordinatorProtocol.swift in Sources */ = {isa = PBXBuildFile; fileRef = 9D7F27EB29B25D7B00075C8B /* ForgotPasswordCoordinatorProtocol.swift */; };
		9D7F27EE29B25D9700075C8B /* ForgotPasswordCoordinator.swift in Sources */ = {isa = PBXBuildFile; fileRef = 9D7F27ED29B25D9700075C8B /* ForgotPasswordCoordinator.swift */; };
		9D7F27F029B25DCF00075C8B /* ForgotPasswordAssembler.swift in Sources */ = {isa = PBXBuildFile; fileRef = 9D7F27EF29B25DCF00075C8B /* ForgotPasswordAssembler.swift */; };
		9D7F27F229B25F9100075C8B /* ForgotPasswordRootCoordinatorProtocol.swift in Sources */ = {isa = PBXBuildFile; fileRef = 9D7F27F129B25F9100075C8B /* ForgotPasswordRootCoordinatorProtocol.swift */; };
		9D7F27F429B261A100075C8B /* ForgotPasswordVC.xib in Resources */ = {isa = PBXBuildFile; fileRef = 9D7F27F329B261A100075C8B /* ForgotPasswordVC.xib */; };
		9D80152129C7306A00C22EE1 /* PageViewAdapter.swift in Sources */ = {isa = PBXBuildFile; fileRef = 9D80151F29C7306A00C22EE1 /* PageViewAdapter.swift */; };
		9D80152229C7306A00C22EE1 /* PageViewAdapterProtocol.swift in Sources */ = {isa = PBXBuildFile; fileRef = 9D80152029C7306A00C22EE1 /* PageViewAdapterProtocol.swift */; };
		9D80152429C8A56800C22EE1 /* OnBoardingPageList.swift in Sources */ = {isa = PBXBuildFile; fileRef = 9D80152329C8A56600C22EE1 /* OnBoardingPageList.swift */; };
		9D80152629C8A6C100C22EE1 /* OnBoardingPageList.xib in Resources */ = {isa = PBXBuildFile; fileRef = 9D80152529C8A6C100C22EE1 /* OnBoardingPageList.xib */; };
		9D83835C29DC6EE9008BCE3D /* TableViewCell.swift in Sources */ = {isa = PBXBuildFile; fileRef = 9D83835B29DC6EE9008BCE3D /* TableViewCell.swift */; };
		9D83835E29DC6F10008BCE3D /* TableViewCell.xib in Resources */ = {isa = PBXBuildFile; fileRef = 9D83835D29DC6F10008BCE3D /* TableViewCell.xib */; };
		9D83836429DC7283008BCE3D /* CollectionViewCategoryCell.xib in Resources */ = {isa = PBXBuildFile; fileRef = 9D83836329DC7283008BCE3D /* CollectionViewCategoryCell.xib */; };
		9D86461C29D2E62700E216A0 /* HistoryVC.swift in Sources */ = {isa = PBXBuildFile; fileRef = 9D86461B29D2E62700E216A0 /* HistoryVC.swift */; };
		9D86461E29D2E63400E216A0 /* HistoryVM.swift in Sources */ = {isa = PBXBuildFile; fileRef = 9D86461D29D2E63400E216A0 /* HistoryVM.swift */; };
		9D86462029D2E64E00E216A0 /* HistoryVCCoordinator.swift in Sources */ = {isa = PBXBuildFile; fileRef = 9D86461F29D2E64E00E216A0 /* HistoryVCCoordinator.swift */; };
		9D86462229D2E65F00E216A0 /* HistoryVCAssembler.swift in Sources */ = {isa = PBXBuildFile; fileRef = 9D86462129D2E65F00E216A0 /* HistoryVCAssembler.swift */; };
		9D86462529D2E6B500E216A0 /* HistoryViewModelProtocol.swift in Sources */ = {isa = PBXBuildFile; fileRef = 9D86462429D2E6B500E216A0 /* HistoryViewModelProtocol.swift */; };
		9D86462729D2E7DA00E216A0 /* HistoryCoordinatorProtocol.swift in Sources */ = {isa = PBXBuildFile; fileRef = 9D86462629D2E7DA00E216A0 /* HistoryCoordinatorProtocol.swift */; };
		9D86462929D2E81900E216A0 /* HistoryRootCoordinatorProtocol.swift in Sources */ = {isa = PBXBuildFile; fileRef = 9D86462829D2E81900E216A0 /* HistoryRootCoordinatorProtocol.swift */; };
		9D86462C29D2EBDB00E216A0 /* ReportVC.swift in Sources */ = {isa = PBXBuildFile; fileRef = 9D86462B29D2EBDB00E216A0 /* ReportVC.swift */; };
		9D86462E29D2EBE700E216A0 /* ReportVM.swift in Sources */ = {isa = PBXBuildFile; fileRef = 9D86462D29D2EBE700E216A0 /* ReportVM.swift */; };
		9D86463029D2EBFA00E216A0 /* ReportVCCoordinator.swift in Sources */ = {isa = PBXBuildFile; fileRef = 9D86462F29D2EBFA00E216A0 /* ReportVCCoordinator.swift */; };
		9D86463229D2EC0D00E216A0 /* ReportVCAssembler.swift in Sources */ = {isa = PBXBuildFile; fileRef = 9D86463129D2EC0D00E216A0 /* ReportVCAssembler.swift */; };
		9D86463529D2ECA800E216A0 /* ReportViewModelProtocol.swift in Sources */ = {isa = PBXBuildFile; fileRef = 9D86463429D2ECA800E216A0 /* ReportViewModelProtocol.swift */; };
		9D86463729D2F10D00E216A0 /* ReportCoordinatorProtocol.swift in Sources */ = {isa = PBXBuildFile; fileRef = 9D86463629D2F10D00E216A0 /* ReportCoordinatorProtocol.swift */; };
		9D86463929D2F1A300E216A0 /* ReportRootCoordinatorProtocol.swift in Sources */ = {isa = PBXBuildFile; fileRef = 9D86463829D2F1A300E216A0 /* ReportRootCoordinatorProtocol.swift */; };
		9D86463C29D313C800E216A0 /* SettingsVC.swift in Sources */ = {isa = PBXBuildFile; fileRef = 9D86463B29D313C800E216A0 /* SettingsVC.swift */; };
		9D86463E29D313D600E216A0 /* SettingsVM.swift in Sources */ = {isa = PBXBuildFile; fileRef = 9D86463D29D313D600E216A0 /* SettingsVM.swift */; };
		9D86464029D313EC00E216A0 /* SettingsVCCoordinator.swift in Sources */ = {isa = PBXBuildFile; fileRef = 9D86463F29D313EC00E216A0 /* SettingsVCCoordinator.swift */; };
		9D86464229D313FC00E216A0 /* SettingsVCAssembler.swift in Sources */ = {isa = PBXBuildFile; fileRef = 9D86464129D313FC00E216A0 /* SettingsVCAssembler.swift */; };
		9D86464529D3144800E216A0 /* SettingsViewModelProtocol.swift in Sources */ = {isa = PBXBuildFile; fileRef = 9D86464429D3144800E216A0 /* SettingsViewModelProtocol.swift */; };
		9D86464729D3146300E216A0 /* SettingsCoordinatorProtocol.swift in Sources */ = {isa = PBXBuildFile; fileRef = 9D86464629D3146300E216A0 /* SettingsCoordinatorProtocol.swift */; };
		9D86464929D3147500E216A0 /* SettingsRootCoordinatorProtocol.swift in Sources */ = {isa = PBXBuildFile; fileRef = 9D86464829D3147500E216A0 /* SettingsRootCoordinatorProtocol.swift */; };
		9DA81A1329C2313D0020E637 /* HomePageVC.swift in Sources */ = {isa = PBXBuildFile; fileRef = 9DA81A1229C2313D0020E637 /* HomePageVC.swift */; };
		9DA81A1529C2319A0020E637 /* HomePageViewModelProtocol.swift in Sources */ = {isa = PBXBuildFile; fileRef = 9DA81A1429C2319A0020E637 /* HomePageViewModelProtocol.swift */; };
		9DA81A1729C232500020E637 /* HomePageVM.swift in Sources */ = {isa = PBXBuildFile; fileRef = 9DA81A1629C232500020E637 /* HomePageVM.swift */; };
		9DA81A1929C232970020E637 /* HomePageCoordinatorProtocol.swift in Sources */ = {isa = PBXBuildFile; fileRef = 9DA81A1829C232970020E637 /* HomePageCoordinatorProtocol.swift */; };
		9DA81A1B29C232C90020E637 /* HomePageCoordinator.swift in Sources */ = {isa = PBXBuildFile; fileRef = 9DA81A1A29C232C90020E637 /* HomePageCoordinator.swift */; };
		9DA81A1D29C2334F0020E637 /* HomePageAssembler.swift in Sources */ = {isa = PBXBuildFile; fileRef = 9DA81A1C29C2334F0020E637 /* HomePageAssembler.swift */; };
		9DA81A1F29C2343F0020E637 /* HomePageRootCoordinatorProtocol.swift in Sources */ = {isa = PBXBuildFile; fileRef = 9DA81A1E29C2343F0020E637 /* HomePageRootCoordinatorProtocol.swift */; };
		9DA81A2329C5BC670020E637 /* OnBoardingVC.swift in Sources */ = {isa = PBXBuildFile; fileRef = 9DA81A2229C5BC670020E637 /* OnBoardingVC.swift */; };
		9DA81A2529C5BC7A0020E637 /* OnBoardingVM.swift in Sources */ = {isa = PBXBuildFile; fileRef = 9DA81A2429C5BC7A0020E637 /* OnBoardingVM.swift */; };
		9DA81A2729C5BC8D0020E637 /* OnBoardingCoordinator.swift in Sources */ = {isa = PBXBuildFile; fileRef = 9DA81A2629C5BC8D0020E637 /* OnBoardingCoordinator.swift */; };
		9DA81A2929C5BCA70020E637 /* OnBoardingAssembler.swift in Sources */ = {isa = PBXBuildFile; fileRef = 9DA81A2829C5BCA70020E637 /* OnBoardingAssembler.swift */; };
		9DA81A2B29C5BCD40020E637 /* OnBoardingViewModelProtocol.swift in Sources */ = {isa = PBXBuildFile; fileRef = 9DA81A2A29C5BCD40020E637 /* OnBoardingViewModelProtocol.swift */; };
		9DA81A2D29C5BFD60020E637 /* OnBoardingRootCoordinatorProtocol.swift in Sources */ = {isa = PBXBuildFile; fileRef = 9DA81A2C29C5BFD60020E637 /* OnBoardingRootCoordinatorProtocol.swift */; };
		9DA81A2F29C5C2380020E637 /* OnBoardingCoordinatorProtocol.swift in Sources */ = {isa = PBXBuildFile; fileRef = 9DA81A2E29C5C2380020E637 /* OnBoardingCoordinatorProtocol.swift */; };
		9DB802DF29B7A8BE00D57CB4 /* AlertControllerFactory.swift in Sources */ = {isa = PBXBuildFile; fileRef = 9DB802DE29B7A8BE00D57CB4 /* AlertControllerFactory.swift */; };
		9DB802E129B7B19800D57CB4 /* AlertControllerFactoryProtocol.swift in Sources */ = {isa = PBXBuildFile; fileRef = 9DB802E029B7B19800D57CB4 /* AlertControllerFactoryProtocol.swift */; };
		9DB802E629BDCBB200D57CB4 /* FirebaseAuth in Frameworks */ = {isa = PBXBuildFile; productRef = 9DB802E529BDCBB200D57CB4 /* FirebaseAuth */; };
		9DB802E829BDCBB200D57CB4 /* FirebaseAuthCombine-Community in Frameworks */ = {isa = PBXBuildFile; productRef = 9DB802E729BDCBB200D57CB4 /* FirebaseAuthCombine-Community */; };
		9DB802EC29BFACCA00D57CB4 /* GoogleService-Info.plist in Resources */ = {isa = PBXBuildFile; fileRef = 9DB802EB29BFACCA00D57CB4 /* GoogleService-Info.plist */; };
		9DCB044E29CE0393006D4425 /* TabBarController.swift in Sources */ = {isa = PBXBuildFile; fileRef = 9DCB044D29CE0393006D4425 /* TabBarController.swift */; };
		9DCB045029CE0D0D006D4425 /* TabBarAssembler.swift in Sources */ = {isa = PBXBuildFile; fileRef = 9DCB044F29CE0D0D006D4425 /* TabBarAssembler.swift */; };
		9DCB045229CE104E006D4425 /* TabBarCoordinator.swift in Sources */ = {isa = PBXBuildFile; fileRef = 9DCB045129CE104E006D4425 /* TabBarCoordinator.swift */; };
		9DCB045529CE1103006D4425 /* TabBarRootCoordinatorProtocol.swift in Sources */ = {isa = PBXBuildFile; fileRef = 9DCB045429CE1103006D4425 /* TabBarRootCoordinatorProtocol.swift */; };
		9DCB045729CE11C5006D4425 /* TabBarCoordinatorProtocol.swift in Sources */ = {isa = PBXBuildFile; fileRef = 9DCB045629CE11C5006D4425 /* TabBarCoordinatorProtocol.swift */; };
		9DD7D6C729ADE3AF0087E8F1 /* AppDelegate.swift in Sources */ = {isa = PBXBuildFile; fileRef = 9DD7D6C629ADE3AF0087E8F1 /* AppDelegate.swift */; };
		9DD7D6C929ADE3AF0087E8F1 /* SceneDelegate.swift in Sources */ = {isa = PBXBuildFile; fileRef = 9DD7D6C829ADE3AF0087E8F1 /* SceneDelegate.swift */; };
		9DD7D6D029ADE3B30087E8F1 /* Assets.xcassets in Resources */ = {isa = PBXBuildFile; fileRef = 9DD7D6CF29ADE3B30087E8F1 /* Assets.xcassets */; };
		9DD7D6D329ADE3B30087E8F1 /* LaunchScreen.storyboard in Resources */ = {isa = PBXBuildFile; fileRef = 9DD7D6D129ADE3B30087E8F1 /* LaunchScreen.storyboard */; };
		9DD7D6DB29ADE5FC0087E8F1 /* Coordinator.swift in Sources */ = {isa = PBXBuildFile; fileRef = 9DD7D6DA29ADE5FC0087E8F1 /* Coordinator.swift */; };
		9DD7D6DD29ADE6660087E8F1 /* AppCoordinator.swift in Sources */ = {isa = PBXBuildFile; fileRef = 9DD7D6DC29ADE6660087E8F1 /* AppCoordinator.swift */; };
		9DD7D6E329ADEA510087E8F1 /* LoginCoordinator.swift in Sources */ = {isa = PBXBuildFile; fileRef = 9DD7D6E229ADEA510087E8F1 /* LoginCoordinator.swift */; };
		9DD7D6E529ADEB1F0087E8F1 /* LoginAssembler.swift in Sources */ = {isa = PBXBuildFile; fileRef = 9DD7D6E429ADEB1F0087E8F1 /* LoginAssembler.swift */; };
		9DD7D6E729ADEECF0087E8F1 /* LoginVC.swift in Sources */ = {isa = PBXBuildFile; fileRef = 9DD7D6E629ADEECF0087E8F1 /* LoginVC.swift */; };
		9DD7D6EB29ADEEE30087E8F1 /* LoginVM.swift in Sources */ = {isa = PBXBuildFile; fileRef = 9DD7D6EA29ADEEE30087E8F1 /* LoginVM.swift */; };
		9DD7D6EE29ADEF130087E8F1 /* LoginViewModelProtocol.swift in Sources */ = {isa = PBXBuildFile; fileRef = 9DD7D6ED29ADEF130087E8F1 /* LoginViewModelProtocol.swift */; };
		9DD7D6F129ADEFB00087E8F1 /* AuthService.swift in Sources */ = {isa = PBXBuildFile; fileRef = 9DD7D6F029ADEFB00087E8F1 /* AuthService.swift */; };
		9DD7D6F329ADEFF50087E8F1 /* LoginAuthServiceProtocol.swift in Sources */ = {isa = PBXBuildFile; fileRef = 9DD7D6F229ADEFF50087E8F1 /* LoginAuthServiceProtocol.swift */; };
		9DD7D6F629ADF03C0087E8F1 /* AuthService+Login.swift in Sources */ = {isa = PBXBuildFile; fileRef = 9DD7D6F529ADF03C0087E8F1 /* AuthService+Login.swift */; };
		9DD7D6F829ADF1790087E8F1 /* LoginCoordinatorProtocol.swift in Sources */ = {isa = PBXBuildFile; fileRef = 9DD7D6F729ADF1790087E8F1 /* LoginCoordinatorProtocol.swift */; };
		9DD7D6FA29AE0EE60087E8F1 /* LoginRootCoordinatorProtocol.swift in Sources */ = {isa = PBXBuildFile; fileRef = 9DD7D6F929AE0EE60087E8F1 /* LoginRootCoordinatorProtocol.swift */; };
		9DD7D6FC29AE101E0087E8F1 /* LoginVC.xib in Resources */ = {isa = PBXBuildFile; fileRef = 9DD7D6FB29AE101E0087E8F1 /* LoginVC.xib */; };
		9DD7D6FF29AE1F970087E8F1 /* RegisterVC.swift in Sources */ = {isa = PBXBuildFile; fileRef = 9DD7D6FE29AE1F970087E8F1 /* RegisterVC.swift */; };
		9DD7D70129AE206F0087E8F1 /* RegisterVM.swift in Sources */ = {isa = PBXBuildFile; fileRef = 9DD7D70029AE206F0087E8F1 /* RegisterVM.swift */; };
		9DD7D70429AE20900087E8F1 /* RegisterViewModelProtocol.swift in Sources */ = {isa = PBXBuildFile; fileRef = 9DD7D70329AE20900087E8F1 /* RegisterViewModelProtocol.swift */; };
		9DD7D70729AE22290087E8F1 /* AuthService+Register.swift in Sources */ = {isa = PBXBuildFile; fileRef = 9DD7D70629AE22290087E8F1 /* AuthService+Register.swift */; };
		9DD7D70929AE22420087E8F1 /* RegisterAuthServiceProtocol.swift in Sources */ = {isa = PBXBuildFile; fileRef = 9DD7D70829AE22420087E8F1 /* RegisterAuthServiceProtocol.swift */; };
		9DD7D70B29AE251A0087E8F1 /* RegisterCoordinator.swift in Sources */ = {isa = PBXBuildFile; fileRef = 9DD7D70A29AE251A0087E8F1 /* RegisterCoordinator.swift */; };
		9DD7D70D29AE25A10087E8F1 /* RegisterAssembler.swift in Sources */ = {isa = PBXBuildFile; fileRef = 9DD7D70C29AE25A10087E8F1 /* RegisterAssembler.swift */; };
		9DD7D70F29AE27150087E8F1 /* RegisterCoordinatorProtocol.swift in Sources */ = {isa = PBXBuildFile; fileRef = 9DD7D70E29AE27150087E8F1 /* RegisterCoordinatorProtocol.swift */; };
		9DD7D71129AE28800087E8F1 /* RegisterRootCoordinatorProtocol.swift in Sources */ = {isa = PBXBuildFile; fileRef = 9DD7D71029AE28800087E8F1 /* RegisterRootCoordinatorProtocol.swift */; };
		9DE574EF29D4B92E00ADA0D2 /* OnBoardingPage.swift in Sources */ = {isa = PBXBuildFile; fileRef = 9DE574EE29D4B92E00ADA0D2 /* OnBoardingPage.swift */; };
		9DE574F229D82E0B00ADA0D2 /* TableViewAdapter.swift in Sources */ = {isa = PBXBuildFile; fileRef = 9DE574F129D82E0B00ADA0D2 /* TableViewAdapter.swift */; };
		9DE574F429D82E2300ADA0D2 /* TableViewAdapterProtocol.swift in Sources */ = {isa = PBXBuildFile; fileRef = 9DE574F329D82E2300ADA0D2 /* TableViewAdapterProtocol.swift */; };
		9DE574F629D8301C00ADA0D2 /* EnumSections.swift in Sources */ = {isa = PBXBuildFile; fileRef = 9DE574F529D8301C00ADA0D2 /* EnumSections.swift */; };
		9DE574F829D8374D00ADA0D2 /* HomePageVC.xib in Resources */ = {isa = PBXBuildFile; fileRef = 9DE574F729D8374D00ADA0D2 /* HomePageVC.xib */; };
		9DE574FB29D8385C00ADA0D2 /* CollectionViewCategoryCell.swift in Sources */ = {isa = PBXBuildFile; fileRef = 9DE574FA29D8385C00ADA0D2 /* CollectionViewCategoryCell.swift */; };
		9DE574FF29D839D900ADA0D2 /* CategoryItem.swift in Sources */ = {isa = PBXBuildFile; fileRef = 9DE574FE29D839D900ADA0D2 /* CategoryItem.swift */; };
/* End PBXBuildFile section */

/* Begin PBXFileReference section */
		9D75143B29E5E3BA00A93406 /* CollectionViewAddingCell.swift */ = {isa = PBXFileReference; lastKnownFileType = sourcecode.swift; path = CollectionViewAddingCell.swift; sourceTree = "<group>"; };
		9D75143D29E5E40700A93406 /* CollectionViewAddingCell.xib */ = {isa = PBXFileReference; lastKnownFileType = file.xib; path = CollectionViewAddingCell.xib; sourceTree = "<group>"; };
		9D75CD3429C0EE8A00186E75 /* UITextFieldExtension.swift */ = {isa = PBXFileReference; lastKnownFileType = sourcecode.swift; path = UITextFieldExtension.swift; sourceTree = "<group>"; };
		9D75CD3629C0F45300186E75 /* UIButtonExtension.swift */ = {isa = PBXFileReference; lastKnownFileType = sourcecode.swift; path = UIButtonExtension.swift; sourceTree = "<group>"; };
		9D7F278929AE51C000075C8B /* RegisterVC.xib */ = {isa = PBXFileReference; lastKnownFileType = file.xib; path = RegisterVC.xib; sourceTree = "<group>"; };
		9D7F27DF29B2478200075C8B /* ForgotPassswordVC.swift */ = {isa = PBXFileReference; lastKnownFileType = sourcecode.swift; path = ForgotPassswordVC.swift; sourceTree = "<group>"; };
		9D7F27E129B2479900075C8B /* ForgotPasswordVM.swift */ = {isa = PBXFileReference; lastKnownFileType = sourcecode.swift; path = ForgotPasswordVM.swift; sourceTree = "<group>"; };
		9D7F27E529B247D400075C8B /* AuthService+ForgotPassword.swift */ = {isa = PBXFileReference; lastKnownFileType = sourcecode.swift; path = "AuthService+ForgotPassword.swift"; sourceTree = "<group>"; };
		9D7F27E729B2480000075C8B /* ForgotPasswordAuthServiceProtocol.swift */ = {isa = PBXFileReference; lastKnownFileType = sourcecode.swift; path = ForgotPasswordAuthServiceProtocol.swift; sourceTree = "<group>"; };
		9D7F27E929B2487400075C8B /* ForgotPasswordViewModelProtocol.swift */ = {isa = PBXFileReference; lastKnownFileType = sourcecode.swift; path = ForgotPasswordViewModelProtocol.swift; sourceTree = "<group>"; };
		9D7F27EB29B25D7B00075C8B /* ForgotPasswordCoordinatorProtocol.swift */ = {isa = PBXFileReference; lastKnownFileType = sourcecode.swift; path = ForgotPasswordCoordinatorProtocol.swift; sourceTree = "<group>"; };
		9D7F27ED29B25D9700075C8B /* ForgotPasswordCoordinator.swift */ = {isa = PBXFileReference; lastKnownFileType = sourcecode.swift; path = ForgotPasswordCoordinator.swift; sourceTree = "<group>"; };
		9D7F27EF29B25DCF00075C8B /* ForgotPasswordAssembler.swift */ = {isa = PBXFileReference; lastKnownFileType = sourcecode.swift; path = ForgotPasswordAssembler.swift; sourceTree = "<group>"; };
		9D7F27F129B25F9100075C8B /* ForgotPasswordRootCoordinatorProtocol.swift */ = {isa = PBXFileReference; lastKnownFileType = sourcecode.swift; path = ForgotPasswordRootCoordinatorProtocol.swift; sourceTree = "<group>"; };
		9D7F27F329B261A100075C8B /* ForgotPasswordVC.xib */ = {isa = PBXFileReference; lastKnownFileType = file.xib; path = ForgotPasswordVC.xib; sourceTree = "<group>"; };
		9D80151F29C7306A00C22EE1 /* PageViewAdapter.swift */ = {isa = PBXFileReference; fileEncoding = 4; lastKnownFileType = sourcecode.swift; path = PageViewAdapter.swift; sourceTree = "<group>"; };
		9D80152029C7306A00C22EE1 /* PageViewAdapterProtocol.swift */ = {isa = PBXFileReference; fileEncoding = 4; lastKnownFileType = sourcecode.swift; path = PageViewAdapterProtocol.swift; sourceTree = "<group>"; };
		9D80152329C8A56600C22EE1 /* OnBoardingPageList.swift */ = {isa = PBXFileReference; lastKnownFileType = sourcecode.swift; path = OnBoardingPageList.swift; sourceTree = "<group>"; };
		9D80152529C8A6C100C22EE1 /* OnBoardingPageList.xib */ = {isa = PBXFileReference; lastKnownFileType = file.xib; path = OnBoardingPageList.xib; sourceTree = "<group>"; };
		9D83835B29DC6EE9008BCE3D /* TableViewCell.swift */ = {isa = PBXFileReference; lastKnownFileType = sourcecode.swift; path = TableViewCell.swift; sourceTree = "<group>"; };
		9D83835D29DC6F10008BCE3D /* TableViewCell.xib */ = {isa = PBXFileReference; lastKnownFileType = file.xib; path = TableViewCell.xib; sourceTree = "<group>"; };
		9D83836329DC7283008BCE3D /* CollectionViewCategoryCell.xib */ = {isa = PBXFileReference; lastKnownFileType = file.xib; path = CollectionViewCategoryCell.xib; sourceTree = "<group>"; };
		9D86461B29D2E62700E216A0 /* HistoryVC.swift */ = {isa = PBXFileReference; lastKnownFileType = sourcecode.swift; path = HistoryVC.swift; sourceTree = "<group>"; };
		9D86461D29D2E63400E216A0 /* HistoryVM.swift */ = {isa = PBXFileReference; lastKnownFileType = sourcecode.swift; path = HistoryVM.swift; sourceTree = "<group>"; };
		9D86461F29D2E64E00E216A0 /* HistoryVCCoordinator.swift */ = {isa = PBXFileReference; lastKnownFileType = sourcecode.swift; path = HistoryVCCoordinator.swift; sourceTree = "<group>"; };
		9D86462129D2E65F00E216A0 /* HistoryVCAssembler.swift */ = {isa = PBXFileReference; lastKnownFileType = sourcecode.swift; path = HistoryVCAssembler.swift; sourceTree = "<group>"; };
		9D86462429D2E6B500E216A0 /* HistoryViewModelProtocol.swift */ = {isa = PBXFileReference; lastKnownFileType = sourcecode.swift; path = HistoryViewModelProtocol.swift; sourceTree = "<group>"; };
		9D86462629D2E7DA00E216A0 /* HistoryCoordinatorProtocol.swift */ = {isa = PBXFileReference; lastKnownFileType = sourcecode.swift; path = HistoryCoordinatorProtocol.swift; sourceTree = "<group>"; };
		9D86462829D2E81900E216A0 /* HistoryRootCoordinatorProtocol.swift */ = {isa = PBXFileReference; lastKnownFileType = sourcecode.swift; path = HistoryRootCoordinatorProtocol.swift; sourceTree = "<group>"; };
		9D86462B29D2EBDB00E216A0 /* ReportVC.swift */ = {isa = PBXFileReference; lastKnownFileType = sourcecode.swift; path = ReportVC.swift; sourceTree = "<group>"; };
		9D86462D29D2EBE700E216A0 /* ReportVM.swift */ = {isa = PBXFileReference; lastKnownFileType = sourcecode.swift; path = ReportVM.swift; sourceTree = "<group>"; };
		9D86462F29D2EBFA00E216A0 /* ReportVCCoordinator.swift */ = {isa = PBXFileReference; lastKnownFileType = sourcecode.swift; path = ReportVCCoordinator.swift; sourceTree = "<group>"; };
		9D86463129D2EC0D00E216A0 /* ReportVCAssembler.swift */ = {isa = PBXFileReference; lastKnownFileType = sourcecode.swift; path = ReportVCAssembler.swift; sourceTree = "<group>"; };
		9D86463429D2ECA800E216A0 /* ReportViewModelProtocol.swift */ = {isa = PBXFileReference; lastKnownFileType = sourcecode.swift; path = ReportViewModelProtocol.swift; sourceTree = "<group>"; };
		9D86463629D2F10D00E216A0 /* ReportCoordinatorProtocol.swift */ = {isa = PBXFileReference; lastKnownFileType = sourcecode.swift; path = ReportCoordinatorProtocol.swift; sourceTree = "<group>"; };
		9D86463829D2F1A300E216A0 /* ReportRootCoordinatorProtocol.swift */ = {isa = PBXFileReference; lastKnownFileType = sourcecode.swift; path = ReportRootCoordinatorProtocol.swift; sourceTree = "<group>"; };
		9D86463B29D313C800E216A0 /* SettingsVC.swift */ = {isa = PBXFileReference; lastKnownFileType = sourcecode.swift; path = SettingsVC.swift; sourceTree = "<group>"; };
		9D86463D29D313D600E216A0 /* SettingsVM.swift */ = {isa = PBXFileReference; lastKnownFileType = sourcecode.swift; path = SettingsVM.swift; sourceTree = "<group>"; };
		9D86463F29D313EC00E216A0 /* SettingsVCCoordinator.swift */ = {isa = PBXFileReference; lastKnownFileType = sourcecode.swift; path = SettingsVCCoordinator.swift; sourceTree = "<group>"; };
		9D86464129D313FC00E216A0 /* SettingsVCAssembler.swift */ = {isa = PBXFileReference; lastKnownFileType = sourcecode.swift; path = SettingsVCAssembler.swift; sourceTree = "<group>"; };
		9D86464429D3144800E216A0 /* SettingsViewModelProtocol.swift */ = {isa = PBXFileReference; lastKnownFileType = sourcecode.swift; path = SettingsViewModelProtocol.swift; sourceTree = "<group>"; };
		9D86464629D3146300E216A0 /* SettingsCoordinatorProtocol.swift */ = {isa = PBXFileReference; lastKnownFileType = sourcecode.swift; path = SettingsCoordinatorProtocol.swift; sourceTree = "<group>"; };
		9D86464829D3147500E216A0 /* SettingsRootCoordinatorProtocol.swift */ = {isa = PBXFileReference; lastKnownFileType = sourcecode.swift; path = SettingsRootCoordinatorProtocol.swift; sourceTree = "<group>"; };
		9DA81A1229C2313D0020E637 /* HomePageVC.swift */ = {isa = PBXFileReference; lastKnownFileType = sourcecode.swift; path = HomePageVC.swift; sourceTree = "<group>"; };
		9DA81A1429C2319A0020E637 /* HomePageViewModelProtocol.swift */ = {isa = PBXFileReference; lastKnownFileType = sourcecode.swift; path = HomePageViewModelProtocol.swift; sourceTree = "<group>"; };
		9DA81A1629C232500020E637 /* HomePageVM.swift */ = {isa = PBXFileReference; lastKnownFileType = sourcecode.swift; path = HomePageVM.swift; sourceTree = "<group>"; };
		9DA81A1829C232970020E637 /* HomePageCoordinatorProtocol.swift */ = {isa = PBXFileReference; lastKnownFileType = sourcecode.swift; path = HomePageCoordinatorProtocol.swift; sourceTree = "<group>"; };
		9DA81A1A29C232C90020E637 /* HomePageCoordinator.swift */ = {isa = PBXFileReference; lastKnownFileType = sourcecode.swift; path = HomePageCoordinator.swift; sourceTree = "<group>"; };
		9DA81A1C29C2334F0020E637 /* HomePageAssembler.swift */ = {isa = PBXFileReference; lastKnownFileType = sourcecode.swift; path = HomePageAssembler.swift; sourceTree = "<group>"; };
		9DA81A1E29C2343F0020E637 /* HomePageRootCoordinatorProtocol.swift */ = {isa = PBXFileReference; lastKnownFileType = sourcecode.swift; path = HomePageRootCoordinatorProtocol.swift; sourceTree = "<group>"; };
		9DA81A2229C5BC670020E637 /* OnBoardingVC.swift */ = {isa = PBXFileReference; lastKnownFileType = sourcecode.swift; path = OnBoardingVC.swift; sourceTree = "<group>"; };
		9DA81A2429C5BC7A0020E637 /* OnBoardingVM.swift */ = {isa = PBXFileReference; lastKnownFileType = sourcecode.swift; path = OnBoardingVM.swift; sourceTree = "<group>"; };
		9DA81A2629C5BC8D0020E637 /* OnBoardingCoordinator.swift */ = {isa = PBXFileReference; lastKnownFileType = sourcecode.swift; path = OnBoardingCoordinator.swift; sourceTree = "<group>"; };
		9DA81A2829C5BCA70020E637 /* OnBoardingAssembler.swift */ = {isa = PBXFileReference; lastKnownFileType = sourcecode.swift; path = OnBoardingAssembler.swift; sourceTree = "<group>"; };
		9DA81A2A29C5BCD40020E637 /* OnBoardingViewModelProtocol.swift */ = {isa = PBXFileReference; lastKnownFileType = sourcecode.swift; path = OnBoardingViewModelProtocol.swift; sourceTree = "<group>"; };
		9DA81A2C29C5BFD60020E637 /* OnBoardingRootCoordinatorProtocol.swift */ = {isa = PBXFileReference; lastKnownFileType = sourcecode.swift; path = OnBoardingRootCoordinatorProtocol.swift; sourceTree = "<group>"; };
		9DA81A2E29C5C2380020E637 /* OnBoardingCoordinatorProtocol.swift */ = {isa = PBXFileReference; lastKnownFileType = sourcecode.swift; path = OnBoardingCoordinatorProtocol.swift; sourceTree = "<group>"; };
		9DB802DE29B7A8BE00D57CB4 /* AlertControllerFactory.swift */ = {isa = PBXFileReference; lastKnownFileType = sourcecode.swift; path = AlertControllerFactory.swift; sourceTree = "<group>"; };
		9DB802E029B7B19800D57CB4 /* AlertControllerFactoryProtocol.swift */ = {isa = PBXFileReference; lastKnownFileType = sourcecode.swift; path = AlertControllerFactoryProtocol.swift; sourceTree = "<group>"; };
		9DB802EB29BFACCA00D57CB4 /* GoogleService-Info.plist */ = {isa = PBXFileReference; fileEncoding = 4; lastKnownFileType = text.plist.xml; path = "GoogleService-Info.plist"; sourceTree = "<group>"; };
		9DCB044D29CE0393006D4425 /* TabBarController.swift */ = {isa = PBXFileReference; lastKnownFileType = sourcecode.swift; path = TabBarController.swift; sourceTree = "<group>"; };
		9DCB044F29CE0D0D006D4425 /* TabBarAssembler.swift */ = {isa = PBXFileReference; lastKnownFileType = sourcecode.swift; path = TabBarAssembler.swift; sourceTree = "<group>"; };
		9DCB045129CE104E006D4425 /* TabBarCoordinator.swift */ = {isa = PBXFileReference; lastKnownFileType = sourcecode.swift; path = TabBarCoordinator.swift; sourceTree = "<group>"; };
		9DCB045429CE1103006D4425 /* TabBarRootCoordinatorProtocol.swift */ = {isa = PBXFileReference; lastKnownFileType = sourcecode.swift; path = TabBarRootCoordinatorProtocol.swift; sourceTree = "<group>"; };
		9DCB045629CE11C5006D4425 /* TabBarCoordinatorProtocol.swift */ = {isa = PBXFileReference; lastKnownFileType = sourcecode.swift; path = TabBarCoordinatorProtocol.swift; sourceTree = "<group>"; };
		9DD7D6C329ADE3AF0087E8F1 /* BudgetApp.app */ = {isa = PBXFileReference; explicitFileType = wrapper.application; includeInIndex = 0; path = BudgetApp.app; sourceTree = BUILT_PRODUCTS_DIR; };
		9DD7D6C629ADE3AF0087E8F1 /* AppDelegate.swift */ = {isa = PBXFileReference; lastKnownFileType = sourcecode.swift; path = AppDelegate.swift; sourceTree = "<group>"; };
		9DD7D6C829ADE3AF0087E8F1 /* SceneDelegate.swift */ = {isa = PBXFileReference; lastKnownFileType = sourcecode.swift; path = SceneDelegate.swift; sourceTree = "<group>"; };
		9DD7D6CF29ADE3B30087E8F1 /* Assets.xcassets */ = {isa = PBXFileReference; lastKnownFileType = folder.assetcatalog; path = Assets.xcassets; sourceTree = "<group>"; };
		9DD7D6D229ADE3B30087E8F1 /* Base */ = {isa = PBXFileReference; lastKnownFileType = file.storyboard; name = Base; path = Base.lproj/LaunchScreen.storyboard; sourceTree = "<group>"; };
		9DD7D6D429ADE3B30087E8F1 /* Info.plist */ = {isa = PBXFileReference; lastKnownFileType = text.plist.xml; path = Info.plist; sourceTree = "<group>"; };
		9DD7D6DA29ADE5FC0087E8F1 /* Coordinator.swift */ = {isa = PBXFileReference; lastKnownFileType = sourcecode.swift; path = Coordinator.swift; sourceTree = "<group>"; };
		9DD7D6DC29ADE6660087E8F1 /* AppCoordinator.swift */ = {isa = PBXFileReference; lastKnownFileType = sourcecode.swift; path = AppCoordinator.swift; sourceTree = "<group>"; };
		9DD7D6E229ADEA510087E8F1 /* LoginCoordinator.swift */ = {isa = PBXFileReference; lastKnownFileType = sourcecode.swift; path = LoginCoordinator.swift; sourceTree = "<group>"; };
		9DD7D6E429ADEB1F0087E8F1 /* LoginAssembler.swift */ = {isa = PBXFileReference; lastKnownFileType = sourcecode.swift; path = LoginAssembler.swift; sourceTree = "<group>"; };
		9DD7D6E629ADEECF0087E8F1 /* LoginVC.swift */ = {isa = PBXFileReference; lastKnownFileType = sourcecode.swift; path = LoginVC.swift; sourceTree = "<group>"; };
		9DD7D6EA29ADEEE30087E8F1 /* LoginVM.swift */ = {isa = PBXFileReference; lastKnownFileType = sourcecode.swift; path = LoginVM.swift; sourceTree = "<group>"; };
		9DD7D6ED29ADEF130087E8F1 /* LoginViewModelProtocol.swift */ = {isa = PBXFileReference; lastKnownFileType = sourcecode.swift; path = LoginViewModelProtocol.swift; sourceTree = "<group>"; };
		9DD7D6F029ADEFB00087E8F1 /* AuthService.swift */ = {isa = PBXFileReference; lastKnownFileType = sourcecode.swift; path = AuthService.swift; sourceTree = "<group>"; };
		9DD7D6F229ADEFF50087E8F1 /* LoginAuthServiceProtocol.swift */ = {isa = PBXFileReference; lastKnownFileType = sourcecode.swift; path = LoginAuthServiceProtocol.swift; sourceTree = "<group>"; };
		9DD7D6F529ADF03C0087E8F1 /* AuthService+Login.swift */ = {isa = PBXFileReference; lastKnownFileType = sourcecode.swift; path = "AuthService+Login.swift"; sourceTree = "<group>"; };
		9DD7D6F729ADF1790087E8F1 /* LoginCoordinatorProtocol.swift */ = {isa = PBXFileReference; lastKnownFileType = sourcecode.swift; path = LoginCoordinatorProtocol.swift; sourceTree = "<group>"; };
		9DD7D6F929AE0EE60087E8F1 /* LoginRootCoordinatorProtocol.swift */ = {isa = PBXFileReference; lastKnownFileType = sourcecode.swift; path = LoginRootCoordinatorProtocol.swift; sourceTree = "<group>"; };
		9DD7D6FB29AE101E0087E8F1 /* LoginVC.xib */ = {isa = PBXFileReference; lastKnownFileType = file.xib; path = LoginVC.xib; sourceTree = "<group>"; };
		9DD7D6FE29AE1F970087E8F1 /* RegisterVC.swift */ = {isa = PBXFileReference; lastKnownFileType = sourcecode.swift; path = RegisterVC.swift; sourceTree = "<group>"; };
		9DD7D70029AE206F0087E8F1 /* RegisterVM.swift */ = {isa = PBXFileReference; lastKnownFileType = sourcecode.swift; path = RegisterVM.swift; sourceTree = "<group>"; };
		9DD7D70329AE20900087E8F1 /* RegisterViewModelProtocol.swift */ = {isa = PBXFileReference; lastKnownFileType = sourcecode.swift; path = RegisterViewModelProtocol.swift; sourceTree = "<group>"; };
		9DD7D70629AE22290087E8F1 /* AuthService+Register.swift */ = {isa = PBXFileReference; lastKnownFileType = sourcecode.swift; path = "AuthService+Register.swift"; sourceTree = "<group>"; };
		9DD7D70829AE22420087E8F1 /* RegisterAuthServiceProtocol.swift */ = {isa = PBXFileReference; lastKnownFileType = sourcecode.swift; path = RegisterAuthServiceProtocol.swift; sourceTree = "<group>"; };
		9DD7D70A29AE251A0087E8F1 /* RegisterCoordinator.swift */ = {isa = PBXFileReference; lastKnownFileType = sourcecode.swift; path = RegisterCoordinator.swift; sourceTree = "<group>"; };
		9DD7D70C29AE25A10087E8F1 /* RegisterAssembler.swift */ = {isa = PBXFileReference; lastKnownFileType = sourcecode.swift; path = RegisterAssembler.swift; sourceTree = "<group>"; };
		9DD7D70E29AE27150087E8F1 /* RegisterCoordinatorProtocol.swift */ = {isa = PBXFileReference; lastKnownFileType = sourcecode.swift; path = RegisterCoordinatorProtocol.swift; sourceTree = "<group>"; };
		9DD7D71029AE28800087E8F1 /* RegisterRootCoordinatorProtocol.swift */ = {isa = PBXFileReference; lastKnownFileType = sourcecode.swift; path = RegisterRootCoordinatorProtocol.swift; sourceTree = "<group>"; };
		9DE574EE29D4B92E00ADA0D2 /* OnBoardingPage.swift */ = {isa = PBXFileReference; lastKnownFileType = sourcecode.swift; path = OnBoardingPage.swift; sourceTree = "<group>"; };
		9DE574F129D82E0B00ADA0D2 /* TableViewAdapter.swift */ = {isa = PBXFileReference; lastKnownFileType = sourcecode.swift; path = TableViewAdapter.swift; sourceTree = "<group>"; };
		9DE574F329D82E2300ADA0D2 /* TableViewAdapterProtocol.swift */ = {isa = PBXFileReference; lastKnownFileType = sourcecode.swift; path = TableViewAdapterProtocol.swift; sourceTree = "<group>"; };
		9DE574F529D8301C00ADA0D2 /* EnumSections.swift */ = {isa = PBXFileReference; lastKnownFileType = sourcecode.swift; path = EnumSections.swift; sourceTree = "<group>"; };
		9DE574F729D8374D00ADA0D2 /* HomePageVC.xib */ = {isa = PBXFileReference; lastKnownFileType = file.xib; path = HomePageVC.xib; sourceTree = "<group>"; };
		9DE574FA29D8385C00ADA0D2 /* CollectionViewCategoryCell.swift */ = {isa = PBXFileReference; lastKnownFileType = sourcecode.swift; path = CollectionViewCategoryCell.swift; sourceTree = "<group>"; };
		9DE574FE29D839D900ADA0D2 /* CategoryItem.swift */ = {isa = PBXFileReference; lastKnownFileType = sourcecode.swift; path = CategoryItem.swift; sourceTree = "<group>"; };
/* End PBXFileReference section */

/* Begin PBXFrameworksBuildPhase section */
		9DD7D6C029ADE3AF0087E8F1 /* Frameworks */ = {
			isa = PBXFrameworksBuildPhase;
			buildActionMask = 2147483647;
			files = (
				9DB802E629BDCBB200D57CB4 /* FirebaseAuth in Frameworks */,
				9DB802E829BDCBB200D57CB4 /* FirebaseAuthCombine-Community in Frameworks */,
			);
			runOnlyForDeploymentPostprocessing = 0;
		};
/* End PBXFrameworksBuildPhase section */

/* Begin PBXGroup section */
		9D75CD3329C0EE5C00186E75 /* GlobalExtensions */ = {
			isa = PBXGroup;
			children = (
				9D75CD3429C0EE8A00186E75 /* UITextFieldExtension.swift */,
				9D75CD3629C0F45300186E75 /* UIButtonExtension.swift */,
			);
			path = GlobalExtensions;
			sourceTree = "<group>";
		};
		9D7F27DE29B2476200075C8B /* Forgot Password Scene */ = {
			isa = PBXGroup;
			children = (
				9D7F27E429B247BC00075C8B /* Extensions */,
				9D7F27E329B247A100075C8B /* Protocols */,
				9D7F27DF29B2478200075C8B /* ForgotPassswordVC.swift */,
				9D7F27E129B2479900075C8B /* ForgotPasswordVM.swift */,
				9D7F27ED29B25D9700075C8B /* ForgotPasswordCoordinator.swift */,
				9D7F27EF29B25DCF00075C8B /* ForgotPasswordAssembler.swift */,
				9D7F27F329B261A100075C8B /* ForgotPasswordVC.xib */,
			);
			path = "Forgot Password Scene";
			sourceTree = "<group>";
		};
		9D7F27E329B247A100075C8B /* Protocols */ = {
			isa = PBXGroup;
			children = (
				9D7F27E729B2480000075C8B /* ForgotPasswordAuthServiceProtocol.swift */,
				9D7F27E929B2487400075C8B /* ForgotPasswordViewModelProtocol.swift */,
				9D7F27EB29B25D7B00075C8B /* ForgotPasswordCoordinatorProtocol.swift */,
				9D7F27F129B25F9100075C8B /* ForgotPasswordRootCoordinatorProtocol.swift */,
			);
			path = Protocols;
			sourceTree = "<group>";
		};
		9D7F27E429B247BC00075C8B /* Extensions */ = {
			isa = PBXGroup;
			children = (
				9D7F27E529B247D400075C8B /* AuthService+ForgotPassword.swift */,
			);
			path = Extensions;
			sourceTree = "<group>";
		};
		9D86461A29D2E60200E216A0 /* HistoryPage */ = {
			isa = PBXGroup;
			children = (
				9D86462329D2E69400E216A0 /* Protocols */,
				9D86461B29D2E62700E216A0 /* HistoryVC.swift */,
				9D86461D29D2E63400E216A0 /* HistoryVM.swift */,
				9D86461F29D2E64E00E216A0 /* HistoryVCCoordinator.swift */,
				9D86462129D2E65F00E216A0 /* HistoryVCAssembler.swift */,
			);
			path = HistoryPage;
			sourceTree = "<group>";
		};
		9D86462329D2E69400E216A0 /* Protocols */ = {
			isa = PBXGroup;
			children = (
				9D86462429D2E6B500E216A0 /* HistoryViewModelProtocol.swift */,
				9D86462629D2E7DA00E216A0 /* HistoryCoordinatorProtocol.swift */,
				9D86462829D2E81900E216A0 /* HistoryRootCoordinatorProtocol.swift */,
			);
			path = Protocols;
			sourceTree = "<group>";
		};
		9D86462A29D2EBB700E216A0 /* ReportPage */ = {
			isa = PBXGroup;
			children = (
				9D86463329D2EC8300E216A0 /* Protocols */,
				9D86462B29D2EBDB00E216A0 /* ReportVC.swift */,
				9D86462D29D2EBE700E216A0 /* ReportVM.swift */,
				9D86462F29D2EBFA00E216A0 /* ReportVCCoordinator.swift */,
				9D86463129D2EC0D00E216A0 /* ReportVCAssembler.swift */,
			);
			path = ReportPage;
			sourceTree = "<group>";
		};
		9D86463329D2EC8300E216A0 /* Protocols */ = {
			isa = PBXGroup;
			children = (
				9D86463429D2ECA800E216A0 /* ReportViewModelProtocol.swift */,
				9D86463629D2F10D00E216A0 /* ReportCoordinatorProtocol.swift */,
				9D86463829D2F1A300E216A0 /* ReportRootCoordinatorProtocol.swift */,
			);
			path = Protocols;
			sourceTree = "<group>";
		};
		9D86463A29D313AD00E216A0 /* SettingsPage */ = {
			isa = PBXGroup;
			children = (
				9D86464329D3143200E216A0 /* Protocols */,
				9D86463B29D313C800E216A0 /* SettingsVC.swift */,
				9D86463D29D313D600E216A0 /* SettingsVM.swift */,
				9D86463F29D313EC00E216A0 /* SettingsVCCoordinator.swift */,
				9D86464129D313FC00E216A0 /* SettingsVCAssembler.swift */,
			);
			path = SettingsPage;
			sourceTree = "<group>";
		};
		9D86464329D3143200E216A0 /* Protocols */ = {
			isa = PBXGroup;
			children = (
				9D86464429D3144800E216A0 /* SettingsViewModelProtocol.swift */,
				9D86464629D3146300E216A0 /* SettingsCoordinatorProtocol.swift */,
				9D86464829D3147500E216A0 /* SettingsRootCoordinatorProtocol.swift */,
			);
			path = Protocols;
			sourceTree = "<group>";
		};
		9DA81A0F29C230120020E637 /* MainApp */ = {
			isa = PBXGroup;
			children = (
				9DCB044C29CE0361006D4425 /* TabBarController */,
				9D86463A29D313AD00E216A0 /* SettingsPage */,
				9D86462A29D2EBB700E216A0 /* ReportPage */,
				9D86461A29D2E60200E216A0 /* HistoryPage */,
				9DA81A1029C230500020E637 /* HomePage */,
			);
			path = MainApp;
			sourceTree = "<group>";
		};
		9DA81A1029C230500020E637 /* HomePage */ = {
			isa = PBXGroup;
			children = (
				9DE574FE29D839D900ADA0D2 /* CategoryItem.swift */,
				9DE574F929D837D800ADA0D2 /* TableViewCells */,
				9DE574F029D82DF200ADA0D2 /* Adapter */,
				9DA81A1129C231270020E637 /* Protocols */,
				9DA81A1229C2313D0020E637 /* HomePageVC.swift */,
				9DA81A1629C232500020E637 /* HomePageVM.swift */,
				9DA81A1A29C232C90020E637 /* HomePageCoordinator.swift */,
				9DA81A1C29C2334F0020E637 /* HomePageAssembler.swift */,
				9DE574F729D8374D00ADA0D2 /* HomePageVC.xib */,
			);
			path = HomePage;
			sourceTree = "<group>";
		};
		9DA81A1129C231270020E637 /* Protocols */ = {
			isa = PBXGroup;
			children = (
				9DA81A1429C2319A0020E637 /* HomePageViewModelProtocol.swift */,
				9DA81A1829C232970020E637 /* HomePageCoordinatorProtocol.swift */,
				9DA81A1E29C2343F0020E637 /* HomePageRootCoordinatorProtocol.swift */,
			);
			path = Protocols;
			sourceTree = "<group>";
		};
		9DA81A2029C5BC060020E637 /* OnBoarding */ = {
			isa = PBXGroup;
			children = (
				9DE574ED29D4B90000ADA0D2 /* Enums */,
				9DA81A3329C725C90020E637 /* PageViewAdapter */,
				9DA81A2129C5BC200020E637 /* Protocols */,
				9DCB044629CC6860006D4425 /* PageViewController */,
				9DA81A2229C5BC670020E637 /* OnBoardingVC.swift */,
				9DA81A2429C5BC7A0020E637 /* OnBoardingVM.swift */,
				9DA81A2629C5BC8D0020E637 /* OnBoardingCoordinator.swift */,
				9DA81A2829C5BCA70020E637 /* OnBoardingAssembler.swift */,
			);
			path = OnBoarding;
			sourceTree = "<group>";
		};
		9DA81A2129C5BC200020E637 /* Protocols */ = {
			isa = PBXGroup;
			children = (
				9DA81A2A29C5BCD40020E637 /* OnBoardingViewModelProtocol.swift */,
				9DA81A2C29C5BFD60020E637 /* OnBoardingRootCoordinatorProtocol.swift */,
				9DA81A2E29C5C2380020E637 /* OnBoardingCoordinatorProtocol.swift */,
			);
			path = Protocols;
			sourceTree = "<group>";
		};
		9DA81A3329C725C90020E637 /* PageViewAdapter */ = {
			isa = PBXGroup;
			children = (
				9D80151F29C7306A00C22EE1 /* PageViewAdapter.swift */,
				9D80152029C7306A00C22EE1 /* PageViewAdapterProtocol.swift */,
			);
			path = PageViewAdapter;
			sourceTree = "<group>";
		};
		9DB802DD29B7A89600D57CB4 /* Factories */ = {
			isa = PBXGroup;
			children = (
				9DB802DE29B7A8BE00D57CB4 /* AlertControllerFactory.swift */,
				9DB802E029B7B19800D57CB4 /* AlertControllerFactoryProtocol.swift */,
			);
			path = Factories;
			sourceTree = "<group>";
		};
		9DCB044629CC6860006D4425 /* PageViewController */ = {
			isa = PBXGroup;
			children = (
				9D80152329C8A56600C22EE1 /* OnBoardingPageList.swift */,
				9D80152529C8A6C100C22EE1 /* OnBoardingPageList.xib */,
			);
			path = PageViewController;
			sourceTree = "<group>";
		};
		9DCB044C29CE0361006D4425 /* TabBarController */ = {
			isa = PBXGroup;
			children = (
				9DCB045329CE10E9006D4425 /* Protocols */,
				9DCB044D29CE0393006D4425 /* TabBarController.swift */,
				9DCB044F29CE0D0D006D4425 /* TabBarAssembler.swift */,
				9DCB045129CE104E006D4425 /* TabBarCoordinator.swift */,
			);
			path = TabBarController;
			sourceTree = "<group>";
		};
		9DCB045329CE10E9006D4425 /* Protocols */ = {
			isa = PBXGroup;
			children = (
				9DCB045429CE1103006D4425 /* TabBarRootCoordinatorProtocol.swift */,
				9DCB045629CE11C5006D4425 /* TabBarCoordinatorProtocol.swift */,
			);
			path = Protocols;
			sourceTree = "<group>";
		};
		9DD7D6BA29ADE3AF0087E8F1 = {
			isa = PBXGroup;
			children = (
				9DD7D6C529ADE3AF0087E8F1 /* BudgetApp */,
				9DD7D6C429ADE3AF0087E8F1 /* Products */,
			);
			sourceTree = "<group>";
		};
		9DD7D6C429ADE3AF0087E8F1 /* Products */ = {
			isa = PBXGroup;
			children = (
				9DD7D6C329ADE3AF0087E8F1 /* BudgetApp.app */,
			);
			name = Products;
			sourceTree = "<group>";
		};
		9DD7D6C529ADE3AF0087E8F1 /* BudgetApp */ = {
			isa = PBXGroup;
			children = (
				9DD7D6DA29ADE5FC0087E8F1 /* Coordinator.swift */,
				9DD7D6DE29ADE66D0087E8F1 /* App */,
				9DD7D6DF29ADE9E20087E8F1 /* Modules */,
				9DB802DD29B7A89600D57CB4 /* Factories */,
				9DD7D6EF29ADEF900087E8F1 /* Services */,
				9D75CD3329C0EE5C00186E75 /* GlobalExtensions */,
				9DD7D6CF29ADE3B30087E8F1 /* Assets.xcassets */,
				9DD7D6D129ADE3B30087E8F1 /* LaunchScreen.storyboard */,
				9DD7D6D429ADE3B30087E8F1 /* Info.plist */,
				9DB802EB29BFACCA00D57CB4 /* GoogleService-Info.plist */,
			);
			path = BudgetApp;
			sourceTree = "<group>";
		};
		9DD7D6DE29ADE66D0087E8F1 /* App */ = {
			isa = PBXGroup;
			children = (
				9DD7D6C629ADE3AF0087E8F1 /* AppDelegate.swift */,
				9DD7D6C829ADE3AF0087E8F1 /* SceneDelegate.swift */,
				9DD7D6DC29ADE6660087E8F1 /* AppCoordinator.swift */,
			);
			path = App;
			sourceTree = "<group>";
		};
		9DD7D6DF29ADE9E20087E8F1 /* Modules */ = {
			isa = PBXGroup;
			children = (
				9DA81A2029C5BC060020E637 /* OnBoarding */,
				9DA81A0F29C230120020E637 /* MainApp */,
				9DD7D6E029ADEA180087E8F1 /* Authentification */,
			);
			path = Modules;
			sourceTree = "<group>";
		};
		9DD7D6E029ADEA180087E8F1 /* Authentification */ = {
			isa = PBXGroup;
			children = (
				9D7F27DE29B2476200075C8B /* Forgot Password Scene */,
				9DD7D6FD29AE1F690087E8F1 /* Register Scene */,
				9DD7D6E129ADEA310087E8F1 /* Login Scene */,
			);
			path = Authentification;
			sourceTree = "<group>";
		};
		9DD7D6E129ADEA310087E8F1 /* Login Scene */ = {
			isa = PBXGroup;
			children = (
				9DD7D6F429ADF0290087E8F1 /* Extensions */,
				9DD7D6EC29ADEF010087E8F1 /* Protocols */,
				9DD7D6E229ADEA510087E8F1 /* LoginCoordinator.swift */,
				9DD7D6E429ADEB1F0087E8F1 /* LoginAssembler.swift */,
				9DD7D6E629ADEECF0087E8F1 /* LoginVC.swift */,
				9DD7D6EA29ADEEE30087E8F1 /* LoginVM.swift */,
				9DD7D6FB29AE101E0087E8F1 /* LoginVC.xib */,
			);
			path = "Login Scene";
			sourceTree = "<group>";
		};
		9DD7D6EC29ADEF010087E8F1 /* Protocols */ = {
			isa = PBXGroup;
			children = (
				9DD7D6ED29ADEF130087E8F1 /* LoginViewModelProtocol.swift */,
				9DD7D6F229ADEFF50087E8F1 /* LoginAuthServiceProtocol.swift */,
				9DD7D6F729ADF1790087E8F1 /* LoginCoordinatorProtocol.swift */,
				9DD7D6F929AE0EE60087E8F1 /* LoginRootCoordinatorProtocol.swift */,
			);
			path = Protocols;
			sourceTree = "<group>";
		};
		9DD7D6EF29ADEF900087E8F1 /* Services */ = {
			isa = PBXGroup;
			children = (
				9DD7D6F029ADEFB00087E8F1 /* AuthService.swift */,
			);
			path = Services;
			sourceTree = "<group>";
		};
		9DD7D6F429ADF0290087E8F1 /* Extensions */ = {
			isa = PBXGroup;
			children = (
				9DD7D6F529ADF03C0087E8F1 /* AuthService+Login.swift */,
			);
			path = Extensions;
			sourceTree = "<group>";
		};
		9DD7D6FD29AE1F690087E8F1 /* Register Scene */ = {
			isa = PBXGroup;
			children = (
				9DD7D70529AE22130087E8F1 /* Extensions */,
				9DD7D70229AE20760087E8F1 /* Protocols */,
				9DD7D6FE29AE1F970087E8F1 /* RegisterVC.swift */,
				9DD7D70029AE206F0087E8F1 /* RegisterVM.swift */,
				9DD7D70A29AE251A0087E8F1 /* RegisterCoordinator.swift */,
				9DD7D70C29AE25A10087E8F1 /* RegisterAssembler.swift */,
				9D7F278929AE51C000075C8B /* RegisterVC.xib */,
			);
			path = "Register Scene";
			sourceTree = "<group>";
		};
		9DD7D70229AE20760087E8F1 /* Protocols */ = {
			isa = PBXGroup;
			children = (
				9DD7D70329AE20900087E8F1 /* RegisterViewModelProtocol.swift */,
				9DD7D70829AE22420087E8F1 /* RegisterAuthServiceProtocol.swift */,
				9DD7D70E29AE27150087E8F1 /* RegisterCoordinatorProtocol.swift */,
				9DD7D71029AE28800087E8F1 /* RegisterRootCoordinatorProtocol.swift */,
			);
			path = Protocols;
			sourceTree = "<group>";
		};
		9DD7D70529AE22130087E8F1 /* Extensions */ = {
			isa = PBXGroup;
			children = (
				9DD7D70629AE22290087E8F1 /* AuthService+Register.swift */,
			);
			path = Extensions;
			sourceTree = "<group>";
		};
		9DE574ED29D4B90000ADA0D2 /* Enums */ = {
			isa = PBXGroup;
			children = (
				9DE574EE29D4B92E00ADA0D2 /* OnBoardingPage.swift */,
			);
			path = Enums;
			sourceTree = "<group>";
		};
		9DE574F029D82DF200ADA0D2 /* Adapter */ = {
			isa = PBXGroup;
			children = (
				9DE574F129D82E0B00ADA0D2 /* TableViewAdapter.swift */,
				9DE574F329D82E2300ADA0D2 /* TableViewAdapterProtocol.swift */,
				9DE574F529D8301C00ADA0D2 /* EnumSections.swift */,
			);
			path = Adapter;
			sourceTree = "<group>";
		};
		9DE574F929D837D800ADA0D2 /* TableViewCells */ = {
			isa = PBXGroup;
			children = (
				9DE574FA29D8385C00ADA0D2 /* CollectionViewCategoryCell.swift */,
				9D83836329DC7283008BCE3D /* CollectionViewCategoryCell.xib */,
				9D83835B29DC6EE9008BCE3D /* TableViewCell.swift */,
				9D83835D29DC6F10008BCE3D /* TableViewCell.xib */,
				9D75143B29E5E3BA00A93406 /* CollectionViewAddingCell.swift */,
				9D75143D29E5E40700A93406 /* CollectionViewAddingCell.xib */,
			);
			path = TableViewCells;
			sourceTree = "<group>";
		};
/* End PBXGroup section */

/* Begin PBXNativeTarget section */
		9DD7D6C229ADE3AF0087E8F1 /* BudgetApp */ = {
			isa = PBXNativeTarget;
			buildConfigurationList = 9DD7D6D729ADE3B30087E8F1 /* Build configuration list for PBXNativeTarget "BudgetApp" */;
			buildPhases = (
				9DD7D6BF29ADE3AF0087E8F1 /* Sources */,
				9DD7D6C029ADE3AF0087E8F1 /* Frameworks */,
				9DD7D6C129ADE3AF0087E8F1 /* Resources */,
			);
			buildRules = (
			);
			dependencies = (
			);
			name = BudgetApp;
			packageProductDependencies = (
				9DB802E529BDCBB200D57CB4 /* FirebaseAuth */,
				9DB802E729BDCBB200D57CB4 /* FirebaseAuthCombine-Community */,
			);
			productName = BudgetApp;
			productReference = 9DD7D6C329ADE3AF0087E8F1 /* BudgetApp.app */;
			productType = "com.apple.product-type.application";
		};
/* End PBXNativeTarget section */

/* Begin PBXProject section */
		9DD7D6BB29ADE3AF0087E8F1 /* Project object */ = {
			isa = PBXProject;
			attributes = {
				BuildIndependentTargetsInParallel = 1;
				LastSwiftUpdateCheck = 1300;
				LastUpgradeCheck = 1300;
				TargetAttributes = {
					9DD7D6C229ADE3AF0087E8F1 = {
						CreatedOnToolsVersion = 13.0;
					};
				};
			};
			buildConfigurationList = 9DD7D6BE29ADE3AF0087E8F1 /* Build configuration list for PBXProject "BudgetApp" */;
			compatibilityVersion = "Xcode 13.0";
			developmentRegion = en;
			hasScannedForEncodings = 0;
			knownRegions = (
				en,
				Base,
			);
			mainGroup = 9DD7D6BA29ADE3AF0087E8F1;
			packageReferences = (
				9DB802E429BDCBB200D57CB4 /* XCRemoteSwiftPackageReference "firebase-ios-sdk" */,
			);
			productRefGroup = 9DD7D6C429ADE3AF0087E8F1 /* Products */;
			projectDirPath = "";
			projectRoot = "";
			targets = (
				9DD7D6C229ADE3AF0087E8F1 /* BudgetApp */,
			);
		};
/* End PBXProject section */

/* Begin PBXResourcesBuildPhase section */
		9DD7D6C129ADE3AF0087E8F1 /* Resources */ = {
			isa = PBXResourcesBuildPhase;
			buildActionMask = 2147483647;
			files = (
				9D83836429DC7283008BCE3D /* CollectionViewCategoryCell.xib in Resources */,
				9DD7D6FC29AE101E0087E8F1 /* LoginVC.xib in Resources */,
				9D75143E29E5E40700A93406 /* CollectionViewAddingCell.xib in Resources */,
				9D83835E29DC6F10008BCE3D /* TableViewCell.xib in Resources */,
				9D7F27F429B261A100075C8B /* ForgotPasswordVC.xib in Resources */,
				9D80152629C8A6C100C22EE1 /* OnBoardingPageList.xib in Resources */,
				9D7F278A29AE51C000075C8B /* RegisterVC.xib in Resources */,
				9DD7D6D329ADE3B30087E8F1 /* LaunchScreen.storyboard in Resources */,
				9DD7D6D029ADE3B30087E8F1 /* Assets.xcassets in Resources */,
				9DE574F829D8374D00ADA0D2 /* HomePageVC.xib in Resources */,
				9DB802EC29BFACCA00D57CB4 /* GoogleService-Info.plist in Resources */,
			);
			runOnlyForDeploymentPostprocessing = 0;
		};
/* End PBXResourcesBuildPhase section */

/* Begin PBXSourcesBuildPhase section */
		9DD7D6BF29ADE3AF0087E8F1 /* Sources */ = {
			isa = PBXSourcesBuildPhase;
			buildActionMask = 2147483647;
			files = (
				9DD7D6DB29ADE5FC0087E8F1 /* Coordinator.swift in Sources */,
				9DD7D6DD29ADE6660087E8F1 /* AppCoordinator.swift in Sources */,
				9DA81A2D29C5BFD60020E637 /* OnBoardingRootCoordinatorProtocol.swift in Sources */,
				9D86464929D3147500E216A0 /* SettingsRootCoordinatorProtocol.swift in Sources */,
				9DCB044E29CE0393006D4425 /* TabBarController.swift in Sources */,
				9DA81A1329C2313D0020E637 /* HomePageVC.swift in Sources */,
				9DD7D6E729ADEECF0087E8F1 /* LoginVC.swift in Sources */,
				9D86462729D2E7DA00E216A0 /* HistoryCoordinatorProtocol.swift in Sources */,
				9DD7D70129AE206F0087E8F1 /* RegisterVM.swift in Sources */,
				9D7F27F229B25F9100075C8B /* ForgotPasswordRootCoordinatorProtocol.swift in Sources */,
				9D86464529D3144800E216A0 /* SettingsViewModelProtocol.swift in Sources */,
				9D80152229C7306A00C22EE1 /* PageViewAdapterProtocol.swift in Sources */,
				9D86462E29D2EBE700E216A0 /* ReportVM.swift in Sources */,
				9D75CD3729C0F45300186E75 /* UIButtonExtension.swift in Sources */,
				9DCB045229CE104E006D4425 /* TabBarCoordinator.swift in Sources */,
				9D83835C29DC6EE9008BCE3D /* TableViewCell.swift in Sources */,
				9DE574F629D8301C00ADA0D2 /* EnumSections.swift in Sources */,
				9D86461E29D2E63400E216A0 /* HistoryVM.swift in Sources */,
				9DD7D6E529ADEB1F0087E8F1 /* LoginAssembler.swift in Sources */,
				9D86463229D2EC0D00E216A0 /* ReportVCAssembler.swift in Sources */,
				9DD7D70429AE20900087E8F1 /* RegisterViewModelProtocol.swift in Sources */,
				9DA81A2329C5BC670020E637 /* OnBoardingVC.swift in Sources */,
				9D86462C29D2EBDB00E216A0 /* ReportVC.swift in Sources */,
				9D7F27E629B247D400075C8B /* AuthService+ForgotPassword.swift in Sources */,
				9DD7D70D29AE25A10087E8F1 /* RegisterAssembler.swift in Sources */,
				9DA81A1529C2319A0020E637 /* HomePageViewModelProtocol.swift in Sources */,
				9DB802E129B7B19800D57CB4 /* AlertControllerFactoryProtocol.swift in Sources */,
				9DD7D6EB29ADEEE30087E8F1 /* LoginVM.swift in Sources */,
				9D7F27F029B25DCF00075C8B /* ForgotPasswordAssembler.swift in Sources */,
				9D7F27EC29B25D7B00075C8B /* ForgotPasswordCoordinatorProtocol.swift in Sources */,
				9D80152129C7306A00C22EE1 /* PageViewAdapter.swift in Sources */,
				9DA81A2729C5BC8D0020E637 /* OnBoardingCoordinator.swift in Sources */,
				9DA81A2F29C5C2380020E637 /* OnBoardingCoordinatorProtocol.swift in Sources */,
				9DD7D6F629ADF03C0087E8F1 /* AuthService+Login.swift in Sources */,
				9D7F27E229B2479900075C8B /* ForgotPasswordVM.swift in Sources */,
				9D86463E29D313D600E216A0 /* SettingsVM.swift in Sources */,
				9DD7D6FA29AE0EE60087E8F1 /* LoginRootCoordinatorProtocol.swift in Sources */,
				9D86462529D2E6B500E216A0 /* HistoryViewModelProtocol.swift in Sources */,
				9D80152429C8A56800C22EE1 /* OnBoardingPageList.swift in Sources */,
				9D7F27E029B2478200075C8B /* ForgotPassswordVC.swift in Sources */,
				9DCB045029CE0D0D006D4425 /* TabBarAssembler.swift in Sources */,
				9D7F27E829B2480000075C8B /* ForgotPasswordAuthServiceProtocol.swift in Sources */,
				9D86463C29D313C800E216A0 /* SettingsVC.swift in Sources */,
				9DA81A2B29C5BCD40020E637 /* OnBoardingViewModelProtocol.swift in Sources */,
				9D86461C29D2E62700E216A0 /* HistoryVC.swift in Sources */,
				9DD7D70B29AE251A0087E8F1 /* RegisterCoordinator.swift in Sources */,
				9DA81A1929C232970020E637 /* HomePageCoordinatorProtocol.swift in Sources */,
				9DD7D6F329ADEFF50087E8F1 /* LoginAuthServiceProtocol.swift in Sources */,
				9D86463529D2ECA800E216A0 /* ReportViewModelProtocol.swift in Sources */,
				9DD7D6E329ADEA510087E8F1 /* LoginCoordinator.swift in Sources */,
				9DA81A1B29C232C90020E637 /* HomePageCoordinator.swift in Sources */,
				9DE574FB29D8385C00ADA0D2 /* CollectionViewCategoryCell.swift in Sources */,
				9DD7D6FF29AE1F970087E8F1 /* RegisterVC.swift in Sources */,
				9DA81A1F29C2343F0020E637 /* HomePageRootCoordinatorProtocol.swift in Sources */,
				9DD7D70729AE22290087E8F1 /* AuthService+Register.swift in Sources */,
				9DCB045729CE11C5006D4425 /* TabBarCoordinatorProtocol.swift in Sources */,
				9DA81A1D29C2334F0020E637 /* HomePageAssembler.swift in Sources */,
				9D7F27EE29B25D9700075C8B /* ForgotPasswordCoordinator.swift in Sources */,
				9DD7D6EE29ADEF130087E8F1 /* LoginViewModelProtocol.swift in Sources */,
				9DD7D6F129ADEFB00087E8F1 /* AuthService.swift in Sources */,
				9DA81A1729C232500020E637 /* HomePageVM.swift in Sources */,
				9D75143C29E5E3BA00A93406 /* CollectionViewAddingCell.swift in Sources */,
				9DE574F429D82E2300ADA0D2 /* TableViewAdapterProtocol.swift in Sources */,
				9DD7D6C729ADE3AF0087E8F1 /* AppDelegate.swift in Sources */,
				9D7F27EA29B2487400075C8B /* ForgotPasswordViewModelProtocol.swift in Sources */,
				9DD7D6C929ADE3AF0087E8F1 /* SceneDelegate.swift in Sources */,
				9D86462229D2E65F00E216A0 /* HistoryVCAssembler.swift in Sources */,
				9DD7D71129AE28800087E8F1 /* RegisterRootCoordinatorProtocol.swift in Sources */,
				9DE574EF29D4B92E00ADA0D2 /* OnBoardingPage.swift in Sources */,
				9D75CD3529C0EE8A00186E75 /* UITextFieldExtension.swift in Sources */,
				9D86463929D2F1A300E216A0 /* ReportRootCoordinatorProtocol.swift in Sources */,
				9DD7D6F829ADF1790087E8F1 /* LoginCoordinatorProtocol.swift in Sources */,
				9DE574FF29D839D900ADA0D2 /* CategoryItem.swift in Sources */,
				9DB802DF29B7A8BE00D57CB4 /* AlertControllerFactory.swift in Sources */,
				9D86462029D2E64E00E216A0 /* HistoryVCCoordinator.swift in Sources */,
				9D86462929D2E81900E216A0 /* HistoryRootCoordinatorProtocol.swift in Sources */,
				9DD7D70929AE22420087E8F1 /* RegisterAuthServiceProtocol.swift in Sources */,
				9D86464229D313FC00E216A0 /* SettingsVCAssembler.swift in Sources */,
				9DA81A2929C5BCA70020E637 /* OnBoardingAssembler.swift in Sources */,
				9D86463729D2F10D00E216A0 /* ReportCoordinatorProtocol.swift in Sources */,
				9DCB045529CE1103006D4425 /* TabBarRootCoordinatorProtocol.swift in Sources */,
				9DE574F229D82E0B00ADA0D2 /* TableViewAdapter.swift in Sources */,
				9D86464729D3146300E216A0 /* SettingsCoordinatorProtocol.swift in Sources */,
				9DD7D70F29AE27150087E8F1 /* RegisterCoordinatorProtocol.swift in Sources */,
				9D86464029D313EC00E216A0 /* SettingsVCCoordinator.swift in Sources */,
				9D86463029D2EBFA00E216A0 /* ReportVCCoordinator.swift in Sources */,
				9DA81A2529C5BC7A0020E637 /* OnBoardingVM.swift in Sources */,
			);
			runOnlyForDeploymentPostprocessing = 0;
		};
/* End PBXSourcesBuildPhase section */

/* Begin PBXVariantGroup section */
		9DD7D6D129ADE3B30087E8F1 /* LaunchScreen.storyboard */ = {
			isa = PBXVariantGroup;
			children = (
				9DD7D6D229ADE3B30087E8F1 /* Base */,
			);
			name = LaunchScreen.storyboard;
			sourceTree = "<group>";
		};
/* End PBXVariantGroup section */

/* Begin XCBuildConfiguration section */
		9DD7D6D529ADE3B30087E8F1 /* Debug */ = {
			isa = XCBuildConfiguration;
			buildSettings = {
				ALWAYS_SEARCH_USER_PATHS = NO;
				CLANG_ANALYZER_NONNULL = YES;
				CLANG_ANALYZER_NUMBER_OBJECT_CONVERSION = YES_AGGRESSIVE;
				CLANG_CXX_LANGUAGE_STANDARD = "gnu++17";
				CLANG_CXX_LIBRARY = "libc++";
				CLANG_ENABLE_MODULES = YES;
				CLANG_ENABLE_OBJC_ARC = YES;
				CLANG_ENABLE_OBJC_WEAK = YES;
				CLANG_WARN_BLOCK_CAPTURE_AUTORELEASING = YES;
				CLANG_WARN_BOOL_CONVERSION = YES;
				CLANG_WARN_COMMA = YES;
				CLANG_WARN_CONSTANT_CONVERSION = YES;
				CLANG_WARN_DEPRECATED_OBJC_IMPLEMENTATIONS = YES;
				CLANG_WARN_DIRECT_OBJC_ISA_USAGE = YES_ERROR;
				CLANG_WARN_DOCUMENTATION_COMMENTS = YES;
				CLANG_WARN_EMPTY_BODY = YES;
				CLANG_WARN_ENUM_CONVERSION = YES;
				CLANG_WARN_INFINITE_RECURSION = YES;
				CLANG_WARN_INT_CONVERSION = YES;
				CLANG_WARN_NON_LITERAL_NULL_CONVERSION = YES;
				CLANG_WARN_OBJC_IMPLICIT_RETAIN_SELF = YES;
				CLANG_WARN_OBJC_LITERAL_CONVERSION = YES;
				CLANG_WARN_OBJC_ROOT_CLASS = YES_ERROR;
				CLANG_WARN_QUOTED_INCLUDE_IN_FRAMEWORK_HEADER = YES;
				CLANG_WARN_RANGE_LOOP_ANALYSIS = YES;
				CLANG_WARN_STRICT_PROTOTYPES = YES;
				CLANG_WARN_SUSPICIOUS_MOVE = YES;
				CLANG_WARN_UNGUARDED_AVAILABILITY = YES_AGGRESSIVE;
				CLANG_WARN_UNREACHABLE_CODE = YES;
				CLANG_WARN__DUPLICATE_METHOD_MATCH = YES;
				COPY_PHASE_STRIP = NO;
				DEBUG_INFORMATION_FORMAT = dwarf;
				ENABLE_STRICT_OBJC_MSGSEND = YES;
				ENABLE_TESTABILITY = YES;
				GCC_C_LANGUAGE_STANDARD = gnu11;
				GCC_DYNAMIC_NO_PIC = NO;
				GCC_NO_COMMON_BLOCKS = YES;
				GCC_OPTIMIZATION_LEVEL = 0;
				GCC_PREPROCESSOR_DEFINITIONS = (
					"DEBUG=1",
					"$(inherited)",
				);
				GCC_WARN_64_TO_32_BIT_CONVERSION = YES;
				GCC_WARN_ABOUT_RETURN_TYPE = YES_ERROR;
				GCC_WARN_UNDECLARED_SELECTOR = YES;
				GCC_WARN_UNINITIALIZED_AUTOS = YES_AGGRESSIVE;
				GCC_WARN_UNUSED_FUNCTION = YES;
				GCC_WARN_UNUSED_VARIABLE = YES;
				IPHONEOS_DEPLOYMENT_TARGET = 15.0;
				MTL_ENABLE_DEBUG_INFO = INCLUDE_SOURCE;
				MTL_FAST_MATH = YES;
				ONLY_ACTIVE_ARCH = YES;
				SDKROOT = iphoneos;
				SWIFT_ACTIVE_COMPILATION_CONDITIONS = DEBUG;
				SWIFT_OPTIMIZATION_LEVEL = "-Onone";
			};
			name = Debug;
		};
		9DD7D6D629ADE3B30087E8F1 /* Release */ = {
			isa = XCBuildConfiguration;
			buildSettings = {
				ALWAYS_SEARCH_USER_PATHS = NO;
				CLANG_ANALYZER_NONNULL = YES;
				CLANG_ANALYZER_NUMBER_OBJECT_CONVERSION = YES_AGGRESSIVE;
				CLANG_CXX_LANGUAGE_STANDARD = "gnu++17";
				CLANG_CXX_LIBRARY = "libc++";
				CLANG_ENABLE_MODULES = YES;
				CLANG_ENABLE_OBJC_ARC = YES;
				CLANG_ENABLE_OBJC_WEAK = YES;
				CLANG_WARN_BLOCK_CAPTURE_AUTORELEASING = YES;
				CLANG_WARN_BOOL_CONVERSION = YES;
				CLANG_WARN_COMMA = YES;
				CLANG_WARN_CONSTANT_CONVERSION = YES;
				CLANG_WARN_DEPRECATED_OBJC_IMPLEMENTATIONS = YES;
				CLANG_WARN_DIRECT_OBJC_ISA_USAGE = YES_ERROR;
				CLANG_WARN_DOCUMENTATION_COMMENTS = YES;
				CLANG_WARN_EMPTY_BODY = YES;
				CLANG_WARN_ENUM_CONVERSION = YES;
				CLANG_WARN_INFINITE_RECURSION = YES;
				CLANG_WARN_INT_CONVERSION = YES;
				CLANG_WARN_NON_LITERAL_NULL_CONVERSION = YES;
				CLANG_WARN_OBJC_IMPLICIT_RETAIN_SELF = YES;
				CLANG_WARN_OBJC_LITERAL_CONVERSION = YES;
				CLANG_WARN_OBJC_ROOT_CLASS = YES_ERROR;
				CLANG_WARN_QUOTED_INCLUDE_IN_FRAMEWORK_HEADER = YES;
				CLANG_WARN_RANGE_LOOP_ANALYSIS = YES;
				CLANG_WARN_STRICT_PROTOTYPES = YES;
				CLANG_WARN_SUSPICIOUS_MOVE = YES;
				CLANG_WARN_UNGUARDED_AVAILABILITY = YES_AGGRESSIVE;
				CLANG_WARN_UNREACHABLE_CODE = YES;
				CLANG_WARN__DUPLICATE_METHOD_MATCH = YES;
				COPY_PHASE_STRIP = NO;
				DEBUG_INFORMATION_FORMAT = "dwarf-with-dsym";
				ENABLE_NS_ASSERTIONS = NO;
				ENABLE_STRICT_OBJC_MSGSEND = YES;
				GCC_C_LANGUAGE_STANDARD = gnu11;
				GCC_NO_COMMON_BLOCKS = YES;
				GCC_WARN_64_TO_32_BIT_CONVERSION = YES;
				GCC_WARN_ABOUT_RETURN_TYPE = YES_ERROR;
				GCC_WARN_UNDECLARED_SELECTOR = YES;
				GCC_WARN_UNINITIALIZED_AUTOS = YES_AGGRESSIVE;
				GCC_WARN_UNUSED_FUNCTION = YES;
				GCC_WARN_UNUSED_VARIABLE = YES;
				IPHONEOS_DEPLOYMENT_TARGET = 15.0;
				MTL_ENABLE_DEBUG_INFO = NO;
				MTL_FAST_MATH = YES;
				SDKROOT = iphoneos;
				SWIFT_COMPILATION_MODE = wholemodule;
				SWIFT_OPTIMIZATION_LEVEL = "-O";
				VALIDATE_PRODUCT = YES;
			};
			name = Release;
		};
		9DD7D6D829ADE3B30087E8F1 /* Debug */ = {
			isa = XCBuildConfiguration;
			buildSettings = {
				ASSETCATALOG_COMPILER_APPICON_NAME = AppIcon;
				ASSETCATALOG_COMPILER_GLOBAL_ACCENT_COLOR_NAME = AccentColor;
				CODE_SIGN_STYLE = Automatic;
				CURRENT_PROJECT_VERSION = 1;
				DEVELOPMENT_TEAM = 5H3Y5WAVX4;
				GENERATE_INFOPLIST_FILE = YES;
				INFOPLIST_FILE = BudgetApp/Info.plist;
				INFOPLIST_KEY_UIApplicationSupportsIndirectInputEvents = YES;
				INFOPLIST_KEY_UILaunchStoryboardName = LaunchScreen;
				INFOPLIST_KEY_UISupportedInterfaceOrientations_iPad = "UIInterfaceOrientationPortrait UIInterfaceOrientationPortraitUpsideDown UIInterfaceOrientationLandscapeLeft UIInterfaceOrientationLandscapeRight";
				INFOPLIST_KEY_UISupportedInterfaceOrientations_iPhone = "UIInterfaceOrientationPortrait UIInterfaceOrientationLandscapeLeft UIInterfaceOrientationLandscapeRight";
				LD_RUNPATH_SEARCH_PATHS = (
					"$(inherited)",
					"@executable_path/Frameworks",
				);
				MARKETING_VERSION = 1.0;
				PRODUCT_BUNDLE_IDENTIFIER = lesson.BudgetApp;
				PRODUCT_NAME = "$(TARGET_NAME)";
				SWIFT_EMIT_LOC_STRINGS = YES;
				SWIFT_VERSION = 5.0;
				TARGETED_DEVICE_FAMILY = "1,2";
			};
			name = Debug;
		};
		9DD7D6D929ADE3B30087E8F1 /* Release */ = {
			isa = XCBuildConfiguration;
			buildSettings = {
				ASSETCATALOG_COMPILER_APPICON_NAME = AppIcon;
				ASSETCATALOG_COMPILER_GLOBAL_ACCENT_COLOR_NAME = AccentColor;
				CODE_SIGN_STYLE = Automatic;
				CURRENT_PROJECT_VERSION = 1;
				DEVELOPMENT_TEAM = 5H3Y5WAVX4;
				GENERATE_INFOPLIST_FILE = YES;
				INFOPLIST_FILE = BudgetApp/Info.plist;
				INFOPLIST_KEY_UIApplicationSupportsIndirectInputEvents = YES;
				INFOPLIST_KEY_UILaunchStoryboardName = LaunchScreen;
				INFOPLIST_KEY_UISupportedInterfaceOrientations_iPad = "UIInterfaceOrientationPortrait UIInterfaceOrientationPortraitUpsideDown UIInterfaceOrientationLandscapeLeft UIInterfaceOrientationLandscapeRight";
				INFOPLIST_KEY_UISupportedInterfaceOrientations_iPhone = "UIInterfaceOrientationPortrait UIInterfaceOrientationLandscapeLeft UIInterfaceOrientationLandscapeRight";
				LD_RUNPATH_SEARCH_PATHS = (
					"$(inherited)",
					"@executable_path/Frameworks",
				);
				MARKETING_VERSION = 1.0;
				PRODUCT_BUNDLE_IDENTIFIER = lesson.BudgetApp;
				PRODUCT_NAME = "$(TARGET_NAME)";
				SWIFT_EMIT_LOC_STRINGS = YES;
				SWIFT_VERSION = 5.0;
				TARGETED_DEVICE_FAMILY = "1,2";
			};
			name = Release;
		};
/* End XCBuildConfiguration section */

/* Begin XCConfigurationList section */
		9DD7D6BE29ADE3AF0087E8F1 /* Build configuration list for PBXProject "BudgetApp" */ = {
			isa = XCConfigurationList;
			buildConfigurations = (
				9DD7D6D529ADE3B30087E8F1 /* Debug */,
				9DD7D6D629ADE3B30087E8F1 /* Release */,
			);
			defaultConfigurationIsVisible = 0;
			defaultConfigurationName = Release;
		};
		9DD7D6D729ADE3B30087E8F1 /* Build configuration list for PBXNativeTarget "BudgetApp" */ = {
			isa = XCConfigurationList;
			buildConfigurations = (
				9DD7D6D829ADE3B30087E8F1 /* Debug */,
				9DD7D6D929ADE3B30087E8F1 /* Release */,
			);
			defaultConfigurationIsVisible = 0;
			defaultConfigurationName = Release;
		};
/* End XCConfigurationList section */

/* Begin XCRemoteSwiftPackageReference section */
		9DB802E429BDCBB200D57CB4 /* XCRemoteSwiftPackageReference "firebase-ios-sdk" */ = {
			isa = XCRemoteSwiftPackageReference;
			repositoryURL = "https://github.com/firebase/firebase-ios-sdk";
			requirement = {
				kind = upToNextMajorVersion;
				minimumVersion = 8.0.0;
			};
		};
/* End XCRemoteSwiftPackageReference section */

/* Begin XCSwiftPackageProductDependency section */
		9DB802E529BDCBB200D57CB4 /* FirebaseAuth */ = {
			isa = XCSwiftPackageProductDependency;
			package = 9DB802E429BDCBB200D57CB4 /* XCRemoteSwiftPackageReference "firebase-ios-sdk" */;
			productName = FirebaseAuth;
		};
		9DB802E729BDCBB200D57CB4 /* FirebaseAuthCombine-Community */ = {
			isa = XCSwiftPackageProductDependency;
			package = 9DB802E429BDCBB200D57CB4 /* XCRemoteSwiftPackageReference "firebase-ios-sdk" */;
			productName = "FirebaseAuthCombine-Community";
		};
/* End XCSwiftPackageProductDependency section */
	};
	rootObject = 9DD7D6BB29ADE3AF0087E8F1 /* Project object */;
}
